<?xml version="1.0" encoding="utf-8"?>
<Project ToolsVersion="4.0" xmlns="http://schemas.microsoft.com/developer/msbuild/2003">
  <ItemGroup>
    <Filter Include="Platform">
      <UniqueIdentifier>{2AC788B4-1694-E3BF-3FAD-D1672BD9184E}</UniqueIdentifier>
    </Filter>
    <Filter Include="Platform\Windows">
      <UniqueIdentifier>{64FBD71A-50F4-F66C-7926-DCF1657ED678}</UniqueIdentifier>
    </Filter>
    <Filter Include="Rongine">
      <UniqueIdentifier>{B780D4B6-2360-5352-2C78-DE2898D6B9B3}</UniqueIdentifier>
    </Filter>
    <Filter Include="Rongine\Core">
      <UniqueIdentifier>{6FAFFD5D-5B12-8D02-0498-C5B8F0D95885}</UniqueIdentifier>
    </Filter>
    <Filter Include="Rongine\Events">
      <UniqueIdentifier>{BB5849D9-A726-3DDF-90BA-AD057C271944}</UniqueIdentifier>
    </Filter>
  </ItemGroup>
  <ItemGroup>
    <ClInclude Include="src\Platform\Windows\WindowsWindow.h">
      <Filter>Platform\Windows</Filter>
    </ClInclude>
    <ClInclude Include="src\Rongine.h" />
    <ClInclude Include="src\Rongine\Application.h">
      <Filter>Rongine</Filter>
    </ClInclude>
    <ClInclude Include="src\Rongine\Core.h">
      <Filter>Rongine</Filter>
    </ClInclude>
    <ClInclude Include="src\Rongine\Core\KeyCodes.h">
      <Filter>Rongine\Core</Filter>
    </ClInclude>
    <ClInclude Include="src\Rongine\Core\MouseCodes.h">
      <Filter>Rongine\Core</Filter>
    </ClInclude>
    <ClInclude Include="src\Rongine\EntryPoint.h">
      <Filter>Rongine</Filter>
    </ClInclude>
    <ClInclude Include="src\Rongine\Events\ApplicationEvent.h">
      <Filter>Rongine\Events</Filter>
    </ClInclude>
    <ClInclude Include="src\Rongine\Events\Event.h">
      <Filter>Rongine\Events</Filter>
    </ClInclude>
    <ClInclude Include="src\Rongine\Events\KeyEvent.h">
      <Filter>Rongine\Events</Filter>
    </ClInclude>
    <ClInclude Include="src\Rongine\Events\MouseEvent.h">
      <Filter>Rongine\Events</Filter>
    </ClInclude>
    <ClInclude Include="src\Rongine\Log.h">
      <Filter>Rongine</Filter>
    </ClInclude>
    <ClInclude Include="src\Rongine\Window.h">
      <Filter>Rongine</Filter>
    </ClInclude>
    <ClInclude Include="src\Rongpch.h" />
  </ItemGroup>
  <ItemGroup>
    <ClCompile Include="src\Platform\Windows\WindowsWindow.cpp">
      <Filter>Platform\Windows</Filter>
    </ClCompile>
    <ClCompile Include="src\Rongine\Application.cpp">
      <Filter>Rongine</Filter>
    </ClCompile>
    <ClCompile Include="src\Rongine\Log.cpp">
      <Filter>Rongine</Filter>
    </ClCompile>
    <ClCompile Include="src\Rongine\Window.cpp">
      <Filter>Rongine</Filter>
    </ClCompile>
    <ClCompile Include="src\Rongpch.cpp" />
  </ItemGroup>
</Project>