<?xml version="1.0" encoding="utf-8"?>
<Project ToolsVersion="4.0" xmlns="http://schemas.microsoft.com/developer/msbuild/2003">
  <ItemGroup>
    <Filter Include="assets">
      <UniqueIdentifier>{583885F2-44DA-AFC8-2D95-C31C19D63619}</UniqueIdentifier>
    </Filter>
    <Filter Include="assets\Scenes">
      <UniqueIdentifier>{8876DDD2-F436-5909-BD71-A28629F19DE5}</UniqueIdentifier>
    </Filter>
    <Filter Include="assets\cache">
      <UniqueIdentifier>{7BED6CAA-6750-FC4E-10D6-3405FC17C8D1}</UniqueIdentifier>
    </Filter>
    <Filter Include="assets\models">
      <UniqueIdentifier>{2B0B5C10-97CB-D746-6006-21C4CC851C23}</UniqueIdentifier>
    </Filter>
    <Filter Include="assets\shaders">
      <UniqueIdentifier>{51CD2FD9-3D9B-23DF-262F-9405129CFF43}</UniqueIdentifier>
    </Filter>
    <Filter Include="assets\textures">
      <UniqueIdentifier>{4B894D3B-B714-BBFF-C025-3EF42C301700}</UniqueIdentifier>
    </Filter>
    <Filter Include="src">
      <UniqueIdentifier>{2DAB880B-99B4-887C-2230-9F7C8E38947C}</UniqueIdentifier>
    </Filter>
  </ItemGroup>
  <ItemGroup>
    <ClInclude Include="src\EditorLayer.h">
      <Filter>src</Filter>
    </ClInclude>
    <ClInclude Include="src\ExampleLayer.h">
      <Filter>src</Filter>
    </ClInclude>
    <ClInclude Include="src\Rongpch.h">
      <Filter>src</Filter>
    </ClInclude>
  </ItemGroup>
  <ItemGroup>
    <ClCompile Include="src\EditorLayer.cpp">
      <Filter>src</Filter>
    </ClCompile>
    <ClCompile Include="src\ExampleLayer.cpp">
      <Filter>src</Filter>
    </ClCompile>
    <ClCompile Include="src\RongEditorApp.cpp">
      <Filter>src</Filter>
    </ClCompile>
    <ClCompile Include="src\Rongpch.cpp">
      <Filter>src</Filter>
    </ClCompile>
  </ItemGroup>
  <ItemGroup>
    <None Include="assets\Scenes\j01.rong">
      <Filter>assets\Scenes</Filter>
    </None>
    <None Include="assets\cache\3.brep">
      <Filter>assets\cache</Filter>
    </None>
    <None Include="assets\models\j01.rong">
      <Filter>assets\models</Filter>
    </None>
    <None Include="assets\models\mypage.stp">
      <Filter>assets\models</Filter>
    </None>
    <None Include="assets\models\t0001.step">
      <Filter>assets\models</Filter>
    </None>
    <None Include="assets\models\ymq.CATPart">
      <Filter>assets\models</Filter>
    </None>
    <None Include="assets\shaders\FlatColor.glsl">
      <Filter>assets\shaders</Filter>
    </None>
    <None Include="assets\shaders\Line.glsl">
      <Filter>assets\shaders</Filter>
    </None>
    <None Include="assets\shaders\Texture.glsl">
      <Filter>assets\shaders</Filter>
    </None>
  </ItemGroup>
  <ItemGroup>
    <Image Include="assets\models\mypage.jpg">
      <Filter>assets\models</Filter>
    </Image>
    <Image Include="assets\textures\Checkerboard.png">
      <Filter>assets\textures</Filter>
    </Image>
    <Image Include="assets\textures\ChernoLogo.png">
      <Filter>assets\textures</Filter>
    </Image>
  </ItemGroup>
</Project>